// !$*UTF8*$!
{
	archiveVersion = 1;
	classes = {
	};
	objectVersion = 48;
	objects = {

/* Begin PBXBuildFile section */
		8A108BA5205A1E12006F8B31 /* SelectUserViewController.swift in Sources */ = {isa = PBXBuildFile; fileRef = 8A108BA4205A1E12006F8B31 /* SelectUserViewController.swift */; };
		8A108BA7205A4F4B006F8B31 /* APIUpdateEntry.swift in Sources */ = {isa = PBXBuildFile; fileRef = 8A108BA6205A4F4B006F8B31 /* APIUpdateEntry.swift */; };
		8A108BA9205A572B006F8B31 /* UIViewController+alert.swift in Sources */ = {isa = PBXBuildFile; fileRef = 8A108BA8205A572B006F8B31 /* UIViewController+alert.swift */; };
		8A108BAB205A5FE3006F8B31 /* UsersViewController.swift in Sources */ = {isa = PBXBuildFile; fileRef = 8A108BAA205A5FE3006F8B31 /* UsersViewController.swift */; };
		8A108BAD205A68AC006F8B31 /* TabBarController.swift in Sources */ = {isa = PBXBuildFile; fileRef = 8A108BAC205A68AC006F8B31 /* TabBarController.swift */; };
		8A108BAF205A844B006F8B31 /* AddUserViewController.swift in Sources */ = {isa = PBXBuildFile; fileRef = 8A108BAE205A844B006F8B31 /* AddUserViewController.swift */; };
		8A108BB1205A8C8D006F8B31 /* APICreateUser.swift in Sources */ = {isa = PBXBuildFile; fileRef = 8A108BB0205A8C8D006F8B31 /* APICreateUser.swift */; };
		8A108BB3205B575D006F8B31 /* APICreateUserInfo.swift in Sources */ = {isa = PBXBuildFile; fileRef = 8A108BB2205B575D006F8B31 /* APICreateUserInfo.swift */; };
		8A108BB5205B5D43006F8B31 /* APIDeleteUserInfo.swift in Sources */ = {isa = PBXBuildFile; fileRef = 8A108BB4205B5D43006F8B31 /* APIDeleteUserInfo.swift */; };
		8A108BB7205B6E7E006F8B31 /* ReportViewController.swift in Sources */ = {isa = PBXBuildFile; fileRef = 8A108BB6205B6E7E006F8B31 /* ReportViewController.swift */; };
		8A35DF13204D1CD900CEADB5 /* AppDelegate.swift in Sources */ = {isa = PBXBuildFile; fileRef = 8A35DF12204D1CD900CEADB5 /* AppDelegate.swift */; };
		8A35DF1D204D1CD900CEADB5 /* Assets.xcassets in Resources */ = {isa = PBXBuildFile; fileRef = 8A35DF1C204D1CD900CEADB5 /* Assets.xcassets */; };
		8A35DF20204D1CD900CEADB5 /* LaunchScreen.storyboard in Resources */ = {isa = PBXBuildFile; fileRef = 8A35DF1E204D1CD900CEADB5 /* LaunchScreen.storyboard */; };
		8A85B0CD2058D2AC00235DC2 /* FilterViewController.swift in Sources */ = {isa = PBXBuildFile; fileRef = 8A85B0CC2058D2AC00235DC2 /* FilterViewController.swift */; };
		8A85B0CF2058EBF100235DC2 /* APIGetUsers.swift in Sources */ = {isa = PBXBuildFile; fileRef = 8A85B0CE2058EBF100235DC2 /* APIGetUsers.swift */; };
		8AEE5F4B204EA7E9003DFA75 /* Login.storyboard in Resources */ = {isa = PBXBuildFile; fileRef = 8AEE5F4A204EA7E9003DFA75 /* Login.storyboard */; };
		8AEE5F4E204EAC0C003DFA75 /* LoginViewController.swift in Sources */ = {isa = PBXBuildFile; fileRef = 8AEE5F4D204EAC0C003DFA75 /* LoginViewController.swift */; };
		8AEE5F53204FAD4D003DFA75 /* GoogleService-Info.plist in Resources */ = {isa = PBXBuildFile; fileRef = 8AEE5F52204FAD4C003DFA75 /* GoogleService-Info.plist */; };
		8AEE5F59204FBAD9003DFA75 /* Log.swift in Sources */ = {isa = PBXBuildFile; fileRef = 8AEE5F58204FBAD9003DFA75 /* Log.swift */; };
		8AEE5F5B2053C5C6003DFA75 /* RestAPI.swift in Sources */ = {isa = PBXBuildFile; fileRef = 8AEE5F5A2053C5C6003DFA75 /* RestAPI.swift */; };
		8AEE5F5D2053C913003DFA75 /* APILogin.swift in Sources */ = {isa = PBXBuildFile; fileRef = 8AEE5F5C2053C913003DFA75 /* APILogin.swift */; };
		8AEE5F6B2053CF3A003DFA75 /* Config.swift in Sources */ = {isa = PBXBuildFile; fileRef = 8AEE5F6A2053CF3A003DFA75 /* Config.swift */; };
		8AEE5F6E2053DD9E003DFA75 /* UserData.swift in Sources */ = {isa = PBXBuildFile; fileRef = 8AEE5F6D2053DD9E003DFA75 /* UserData.swift */; };
		8AEE5F702054D2FF003DFA75 /* API.swift in Sources */ = {isa = PBXBuildFile; fileRef = 8AEE5F6F2054D2FF003DFA75 /* API.swift */; };
		8AEE5F7B2054EC6B003DFA75 /* APIGetUserRole.swift in Sources */ = {isa = PBXBuildFile; fileRef = 8AEE5F712054D4F7003DFA75 /* APIGetUserRole.swift */; };
		8AEE5F7D2056278D003DFA75 /* Jogging.storyboard in Resources */ = {isa = PBXBuildFile; fileRef = 8AEE5F7C2056278D003DFA75 /* Jogging.storyboard */; };
		8AEE5F7F2056381F003DFA75 /* APIAddEntry.swift in Sources */ = {isa = PBXBuildFile; fileRef = 8AEE5F7E2056381F003DFA75 /* APIAddEntry.swift */; };
		8AEE5F8120564351003DFA75 /* AddEntryViewController.swift in Sources */ = {isa = PBXBuildFile; fileRef = 8AEE5F8020564351003DFA75 /* AddEntryViewController.swift */; };
		8AEE5F8320564E94003DFA75 /* APIGetEntries.swift in Sources */ = {isa = PBXBuildFile; fileRef = 8AEE5F8220564E94003DFA75 /* APIGetEntries.swift */; };
		8AEE5F852056512F003DFA75 /* EntriesViewController.swift in Sources */ = {isa = PBXBuildFile; fileRef = 8AEE5F842056512F003DFA75 /* EntriesViewController.swift */; };
		8AEE5F8720565658003DFA75 /* APIRefreshToken.swift in Sources */ = {isa = PBXBuildFile; fileRef = 8AEE5F8620565658003DFA75 /* APIRefreshToken.swift */; };
		8AEE5F8920578ED4003DFA75 /* EntryCell.swift in Sources */ = {isa = PBXBuildFile; fileRef = 8AEE5F8820578ED4003DFA75 /* EntryCell.swift */; };
		8AEE5F8B2057A58D003DFA75 /* Date+format.swift in Sources */ = {isa = PBXBuildFile; fileRef = 8AEE5F8A2057A58D003DFA75 /* Date+format.swift */; };
		8AEE5F8D2057CA02003DFA75 /* APIDeleteEntry.swift in Sources */ = {isa = PBXBuildFile; fileRef = 8AEE5F8C2057CA02003DFA75 /* APIDeleteEntry.swift */; };
		FCF310BF340487EC82131E97 /* Pods_Jogging.framework in Frameworks */ = {isa = PBXBuildFile; fileRef = 4B75A9327EC2FFA51F11ACC0 /* Pods_Jogging.framework */; };
/* End PBXBuildFile section */

/* Begin PBXFileReference section */
		483E771E27E7E20DF8027826 /* Pods-JoggingUITests.release.xcconfig */ = {isa = PBXFileReference; includeInIndex = 1; lastKnownFileType = text.xcconfig; name = "Pods-JoggingUITests.release.xcconfig"; path = "Pods/Target Support Files/Pods-JoggingUITests/Pods-JoggingUITests.release.xcconfig"; sourceTree = "<group>"; };
		4B75A9327EC2FFA51F11ACC0 /* Pods_Jogging.framework */ = {isa = PBXFileReference; explicitFileType = wrapper.framework; includeInIndex = 0; path = Pods_Jogging.framework; sourceTree = BUILT_PRODUCTS_DIR; };
		51A9CD8DCE6329EB437B9C14 /* Pods_JoggingTests.framework */ = {isa = PBXFileReference; explicitFileType = wrapper.framework; includeInIndex = 0; path = Pods_JoggingTests.framework; sourceTree = BUILT_PRODUCTS_DIR; };
		7EE32979321632653BA8D96C /* Pods-Jogging.release.xcconfig */ = {isa = PBXFileReference; includeInIndex = 1; lastKnownFileType = text.xcconfig; name = "Pods-Jogging.release.xcconfig"; path = "Pods/Target Support Files/Pods-Jogging/Pods-Jogging.release.xcconfig"; sourceTree = "<group>"; };
		86D2447DD5C5F4532758EF18 /* Pods-JoggingTests.release.xcconfig */ = {isa = PBXFileReference; includeInIndex = 1; lastKnownFileType = text.xcconfig; name = "Pods-JoggingTests.release.xcconfig"; path = "Pods/Target Support Files/Pods-JoggingTests/Pods-JoggingTests.release.xcconfig"; sourceTree = "<group>"; };
		8A108BA4205A1E12006F8B31 /* SelectUserViewController.swift */ = {isa = PBXFileReference; lastKnownFileType = sourcecode.swift; path = SelectUserViewController.swift; sourceTree = "<group>"; };
		8A108BA6205A4F4B006F8B31 /* APIUpdateEntry.swift */ = {isa = PBXFileReference; lastKnownFileType = sourcecode.swift; path = APIUpdateEntry.swift; sourceTree = "<group>"; };
		8A108BA8205A572B006F8B31 /* UIViewController+alert.swift */ = {isa = PBXFileReference; lastKnownFileType = sourcecode.swift; path = "UIViewController+alert.swift"; sourceTree = "<group>"; };
		8A108BAA205A5FE3006F8B31 /* UsersViewController.swift */ = {isa = PBXFileReference; lastKnownFileType = sourcecode.swift; path = UsersViewController.swift; sourceTree = "<group>"; };
		8A108BAC205A68AC006F8B31 /* TabBarController.swift */ = {isa = PBXFileReference; lastKnownFileType = sourcecode.swift; path = TabBarController.swift; sourceTree = "<group>"; };
		8A108BAE205A844B006F8B31 /* AddUserViewController.swift */ = {isa = PBXFileReference; lastKnownFileType = sourcecode.swift; path = AddUserViewController.swift; sourceTree = "<group>"; };
		8A108BB0205A8C8D006F8B31 /* APICreateUser.swift */ = {isa = PBXFileReference; lastKnownFileType = sourcecode.swift; path = APICreateUser.swift; sourceTree = "<group>"; };
		8A108BB2205B575D006F8B31 /* APICreateUserInfo.swift */ = {isa = PBXFileReference; lastKnownFileType = sourcecode.swift; path = APICreateUserInfo.swift; sourceTree = "<group>"; };
		8A108BB4205B5D43006F8B31 /* APIDeleteUserInfo.swift */ = {isa = PBXFileReference; lastKnownFileType = sourcecode.swift; path = APIDeleteUserInfo.swift; sourceTree = "<group>"; };
		8A108BB6205B6E7E006F8B31 /* ReportViewController.swift */ = {isa = PBXFileReference; lastKnownFileType = sourcecode.swift; path = ReportViewController.swift; sourceTree = "<group>"; };
		8A35DF0F204D1CD900CEADB5 /* Jogging.app */ = {isa = PBXFileReference; explicitFileType = wrapper.application; includeInIndex = 0; path = Jogging.app; sourceTree = BUILT_PRODUCTS_DIR; };
		8A35DF12204D1CD900CEADB5 /* AppDelegate.swift */ = {isa = PBXFileReference; lastKnownFileType = sourcecode.swift; path = AppDelegate.swift; sourceTree = "<group>"; };
		8A35DF1C204D1CD900CEADB5 /* Assets.xcassets */ = {isa = PBXFileReference; lastKnownFileType = folder.assetcatalog; path = Assets.xcassets; sourceTree = "<group>"; };
		8A35DF1F204D1CD900CEADB5 /* Base */ = {isa = PBXFileReference; lastKnownFileType = file.storyboard; name = Base; path = Base.lproj/LaunchScreen.storyboard; sourceTree = "<group>"; };
		8A35DF21204D1CD900CEADB5 /* Info.plist */ = {isa = PBXFileReference; lastKnownFileType = text.plist.xml; path = Info.plist; sourceTree = "<group>"; };
		8A85B0CC2058D2AC00235DC2 /* FilterViewController.swift */ = {isa = PBXFileReference; lastKnownFileType = sourcecode.swift; path = FilterViewController.swift; sourceTree = "<group>"; };
		8A85B0CE2058EBF100235DC2 /* APIGetUsers.swift */ = {isa = PBXFileReference; lastKnownFileType = sourcecode.swift; path = APIGetUsers.swift; sourceTree = "<group>"; };
		8AEE5F4A204EA7E9003DFA75 /* Login.storyboard */ = {isa = PBXFileReference; lastKnownFileType = file.storyboard; path = Login.storyboard; sourceTree = "<group>"; };
		8AEE5F4D204EAC0C003DFA75 /* LoginViewController.swift */ = {isa = PBXFileReference; lastKnownFileType = sourcecode.swift; path = LoginViewController.swift; sourceTree = "<group>"; };
		8AEE5F52204FAD4C003DFA75 /* GoogleService-Info.plist */ = {isa = PBXFileReference; fileEncoding = 4; lastKnownFileType = text.plist.xml; path = "GoogleService-Info.plist"; sourceTree = "<group>"; };
		8AEE5F58204FBAD9003DFA75 /* Log.swift */ = {isa = PBXFileReference; lastKnownFileType = sourcecode.swift; path = Log.swift; sourceTree = "<group>"; };
		8AEE5F5A2053C5C6003DFA75 /* RestAPI.swift */ = {isa = PBXFileReference; lastKnownFileType = sourcecode.swift; path = RestAPI.swift; sourceTree = "<group>"; };
		8AEE5F5C2053C913003DFA75 /* APILogin.swift */ = {isa = PBXFileReference; lastKnownFileType = sourcecode.swift; path = APILogin.swift; sourceTree = "<group>"; };
		8AEE5F6A2053CF3A003DFA75 /* Config.swift */ = {isa = PBXFileReference; fileEncoding = 4; lastKnownFileType = sourcecode.swift; path = Config.swift; sourceTree = "<group>"; };
		8AEE5F6D2053DD9E003DFA75 /* UserData.swift */ = {isa = PBXFileReference; fileEncoding = 4; lastKnownFileType = sourcecode.swift; path = UserData.swift; sourceTree = "<group>"; };
		8AEE5F6F2054D2FF003DFA75 /* API.swift */ = {isa = PBXFileReference; lastKnownFileType = sourcecode.swift; path = API.swift; sourceTree = "<group>"; };
		8AEE5F712054D4F7003DFA75 /* APIGetUserRole.swift */ = {isa = PBXFileReference; lastKnownFileType = sourcecode.swift; path = APIGetUserRole.swift; sourceTree = "<group>"; };
		8AEE5F7C2056278D003DFA75 /* Jogging.storyboard */ = {isa = PBXFileReference; lastKnownFileType = file.storyboard; path = Jogging.storyboard; sourceTree = "<group>"; };
		8AEE5F7E2056381F003DFA75 /* APIAddEntry.swift */ = {isa = PBXFileReference; lastKnownFileType = sourcecode.swift; path = APIAddEntry.swift; sourceTree = "<group>"; };
		8AEE5F8020564351003DFA75 /* AddEntryViewController.swift */ = {isa = PBXFileReference; lastKnownFileType = sourcecode.swift; path = AddEntryViewController.swift; sourceTree = "<group>"; };
		8AEE5F8220564E94003DFA75 /* APIGetEntries.swift */ = {isa = PBXFileReference; lastKnownFileType = sourcecode.swift; path = APIGetEntries.swift; sourceTree = "<group>"; };
		8AEE5F842056512F003DFA75 /* EntriesViewController.swift */ = {isa = PBXFileReference; lastKnownFileType = sourcecode.swift; path = EntriesViewController.swift; sourceTree = "<group>"; };
		8AEE5F8620565658003DFA75 /* APIRefreshToken.swift */ = {isa = PBXFileReference; lastKnownFileType = sourcecode.swift; path = APIRefreshToken.swift; sourceTree = "<group>"; };
		8AEE5F8820578ED4003DFA75 /* EntryCell.swift */ = {isa = PBXFileReference; lastKnownFileType = sourcecode.swift; path = EntryCell.swift; sourceTree = "<group>"; };
		8AEE5F8A2057A58D003DFA75 /* Date+format.swift */ = {isa = PBXFileReference; lastKnownFileType = sourcecode.swift; path = "Date+format.swift"; sourceTree = "<group>"; };
		8AEE5F8C2057CA02003DFA75 /* APIDeleteEntry.swift */ = {isa = PBXFileReference; lastKnownFileType = sourcecode.swift; path = APIDeleteEntry.swift; sourceTree = "<group>"; };
		95692C96C2085E7C34B8F65F /* Pods-JoggingTests.debug.xcconfig */ = {isa = PBXFileReference; includeInIndex = 1; lastKnownFileType = text.xcconfig; name = "Pods-JoggingTests.debug.xcconfig"; path = "Pods/Target Support Files/Pods-JoggingTests/Pods-JoggingTests.debug.xcconfig"; sourceTree = "<group>"; };
		CB4845E0A7AA341AEB8C0ED4 /* Pods_JoggingUITests.framework */ = {isa = PBXFileReference; explicitFileType = wrapper.framework; includeInIndex = 0; path = Pods_JoggingUITests.framework; sourceTree = BUILT_PRODUCTS_DIR; };
		CD14FF1F1B1499244E7CE291 /* Pods-Jogging.debug.xcconfig */ = {isa = PBXFileReference; includeInIndex = 1; lastKnownFileType = text.xcconfig; name = "Pods-Jogging.debug.xcconfig"; path = "Pods/Target Support Files/Pods-Jogging/Pods-Jogging.debug.xcconfig"; sourceTree = "<group>"; };
		DF13D625DFA32A4D43FBE218 /* Pods-JoggingUITests.debug.xcconfig */ = {isa = PBXFileReference; includeInIndex = 1; lastKnownFileType = text.xcconfig; name = "Pods-JoggingUITests.debug.xcconfig"; path = "Pods/Target Support Files/Pods-JoggingUITests/Pods-JoggingUITests.debug.xcconfig"; sourceTree = "<group>"; };
/* End PBXFileReference section */

/* Begin PBXFrameworksBuildPhase section */
		8A35DF0C204D1CD900CEADB5 /* Frameworks */ = {
			isa = PBXFrameworksBuildPhase;
			buildActionMask = 2147483647;
			files = (
				FCF310BF340487EC82131E97 /* Pods_Jogging.framework in Frameworks */,
			);
			runOnlyForDeploymentPostprocessing = 0;
		};
/* End PBXFrameworksBuildPhase section */

/* Begin PBXGroup section */
		7BA58189723DE736CA5C9899 /* Frameworks */ = {
			isa = PBXGroup;
			children = (
				4B75A9327EC2FFA51F11ACC0 /* Pods_Jogging.framework */,
				51A9CD8DCE6329EB437B9C14 /* Pods_JoggingTests.framework */,
				CB4845E0A7AA341AEB8C0ED4 /* Pods_JoggingUITests.framework */,
			);
			name = Frameworks;
			sourceTree = "<group>";
		};
		8A35DF06204D1CD900CEADB5 = {
			isa = PBXGroup;
			children = (
				8A35DF11204D1CD900CEADB5 /* Jogging */,
				8A35DF10204D1CD900CEADB5 /* Products */,
				F34803939357598A1649215C /* Pods */,
				7BA58189723DE736CA5C9899 /* Frameworks */,
			);
			sourceTree = "<group>";
		};
		8A35DF10204D1CD900CEADB5 /* Products */ = {
			isa = PBXGroup;
			children = (
				8A35DF0F204D1CD900CEADB5 /* Jogging.app */,
			);
			name = Products;
			sourceTree = "<group>";
		};
		8A35DF11204D1CD900CEADB5 /* Jogging */ = {
			isa = PBXGroup;
			children = (
				8AEE5F54204FB6FF003DFA75 /* API */,
				8AEE5F4C204EA7F1003DFA75 /* UI */,
				8AEE5F57204FBAC7003DFA75 /* Utilities */,
				8AEE5F6C2053DD91003DFA75 /* Persistent */,
				8A35DF12204D1CD900CEADB5 /* AppDelegate.swift */,
				8AEE5F6A2053CF3A003DFA75 /* Config.swift */,
				8A35DF1C204D1CD900CEADB5 /* Assets.xcassets */,
				8A35DF1E204D1CD900CEADB5 /* LaunchScreen.storyboard */,
				8A35DF21204D1CD900CEADB5 /* Info.plist */,
				8AEE5F52204FAD4C003DFA75 /* GoogleService-Info.plist */,
			);
			path = Jogging;
			sourceTree = "<group>";
		};
		8AEE5F4C204EA7F1003DFA75 /* UI */ = {
			isa = PBXGroup;
			children = (
				8AEE5F4A204EA7E9003DFA75 /* Login.storyboard */,
				8AEE5F4D204EAC0C003DFA75 /* LoginViewController.swift */,
				8AEE5F7C2056278D003DFA75 /* Jogging.storyboard */,
				8A108BAC205A68AC006F8B31 /* TabBarController.swift */,
				8AEE5F842056512F003DFA75 /* EntriesViewController.swift */,
				8AEE5F8820578ED4003DFA75 /* EntryCell.swift */,
				8AEE5F8020564351003DFA75 /* AddEntryViewController.swift */,
				8A108BA4205A1E12006F8B31 /* SelectUserViewController.swift */,
				8A85B0CC2058D2AC00235DC2 /* FilterViewController.swift */,
				8A108BAA205A5FE3006F8B31 /* UsersViewController.swift */,
				8A108BAE205A844B006F8B31 /* AddUserViewController.swift */,
				8A108BB6205B6E7E006F8B31 /* ReportViewController.swift */,
				8A108BA8205A572B006F8B31 /* UIViewController+alert.swift */,
			);
			path = UI;
			sourceTree = "<group>";
		};
		8AEE5F54204FB6FF003DFA75 /* API */ = {
			isa = PBXGroup;
			children = (
				8AEE5F6F2054D2FF003DFA75 /* API.swift */,
				8AEE5F5A2053C5C6003DFA75 /* RestAPI.swift */,
				8A108BB0205A8C8D006F8B31 /* APICreateUser.swift */,
				8A108BB2205B575D006F8B31 /* APICreateUserInfo.swift */,
				8A108BB4205B5D43006F8B31 /* APIDeleteUserInfo.swift */,
				8AEE5F5C2053C913003DFA75 /* APILogin.swift */,
				8AEE5F8620565658003DFA75 /* APIRefreshToken.swift */,
				8AEE5F712054D4F7003DFA75 /* APIGetUserRole.swift */,
				8AEE5F7E2056381F003DFA75 /* APIAddEntry.swift */,
				8A108BA6205A4F4B006F8B31 /* APIUpdateEntry.swift */,
				8AEE5F8220564E94003DFA75 /* APIGetEntries.swift */,
				8AEE5F8C2057CA02003DFA75 /* APIDeleteEntry.swift */,
				8A85B0CE2058EBF100235DC2 /* APIGetUsers.swift */,
			);
			path = API;
			sourceTree = "<group>";
		};
		8AEE5F57204FBAC7003DFA75 /* Utilities */ = {
			isa = PBXGroup;
			children = (
				8AEE5F58204FBAD9003DFA75 /* Log.swift */,
				8AEE5F8A2057A58D003DFA75 /* Date+format.swift */,
			);
			path = Utilities;
			sourceTree = "<group>";
		};
		8AEE5F6C2053DD91003DFA75 /* Persistent */ = {
			isa = PBXGroup;
			children = (
				8AEE5F6D2053DD9E003DFA75 /* UserData.swift */,
			);
			path = Persistent;
			sourceTree = "<group>";
		};
		F34803939357598A1649215C /* Pods */ = {
			isa = PBXGroup;
			children = (
				CD14FF1F1B1499244E7CE291 /* Pods-Jogging.debug.xcconfig */,
				7EE32979321632653BA8D96C /* Pods-Jogging.release.xcconfig */,
				95692C96C2085E7C34B8F65F /* Pods-JoggingTests.debug.xcconfig */,
				86D2447DD5C5F4532758EF18 /* Pods-JoggingTests.release.xcconfig */,
				DF13D625DFA32A4D43FBE218 /* Pods-JoggingUITests.debug.xcconfig */,
				483E771E27E7E20DF8027826 /* Pods-JoggingUITests.release.xcconfig */,
			);
			name = Pods;
			sourceTree = "<group>";
		};
/* End PBXGroup section */

/* Begin PBXNativeTarget section */
		8A35DF0E204D1CD900CEADB5 /* Jogging */ = {
			isa = PBXNativeTarget;
			buildConfigurationList = 8A35DF3A204D1CD900CEADB5 /* Build configuration list for PBXNativeTarget "Jogging" */;
			buildPhases = (
				05FE0D94C722F18273189718 /* [CP] Check Pods Manifest.lock */,
				8A35DF0B204D1CD900CEADB5 /* Sources */,
				8A35DF0C204D1CD900CEADB5 /* Frameworks */,
				8A35DF0D204D1CD900CEADB5 /* Resources */,
				68667DDBC8FB125275FCF117 /* [CP] Embed Pods Frameworks */,
				5FADB057BA8829EA2C9F01CE /* [CP] Copy Pods Resources */,
			);
			buildRules = (
			);
			dependencies = (
			);
			name = Jogging;
			productName = Jogging;
			productReference = 8A35DF0F204D1CD900CEADB5 /* Jogging.app */;
			productType = "com.apple.product-type.application";
		};
/* End PBXNativeTarget section */

/* Begin PBXProject section */
		8A35DF07204D1CD900CEADB5 /* Project object */ = {
			isa = PBXProject;
			attributes = {
				LastSwiftUpdateCheck = 0920;
				LastUpgradeCheck = 0920;
				ORGANIZATIONNAME = "Alexey Boyko";
				TargetAttributes = {
					8A35DF0E204D1CD900CEADB5 = {
						CreatedOnToolsVersion = 9.2;
						ProvisioningStyle = Automatic;
					};
				};
			};
			buildConfigurationList = 8A35DF0A204D1CD900CEADB5 /* Build configuration list for PBXProject "Jogging" */;
			compatibilityVersion = "Xcode 8.0";
			developmentRegion = en;
			hasScannedForEncodings = 0;
			knownRegions = (
				en,
				Base,
			);
			mainGroup = 8A35DF06204D1CD900CEADB5;
			productRefGroup = 8A35DF10204D1CD900CEADB5 /* Products */;
			projectDirPath = "";
			projectRoot = "";
			targets = (
				8A35DF0E204D1CD900CEADB5 /* Jogging */,
			);
		};
/* End PBXProject section */

/* Begin PBXResourcesBuildPhase section */
		8A35DF0D204D1CD900CEADB5 /* Resources */ = {
			isa = PBXResourcesBuildPhase;
			buildActionMask = 2147483647;
			files = (
				8AEE5F4B204EA7E9003DFA75 /* Login.storyboard in Resources */,
				8A35DF20204D1CD900CEADB5 /* LaunchScreen.storyboard in Resources */,
				8AEE5F53204FAD4D003DFA75 /* GoogleService-Info.plist in Resources */,
				8A35DF1D204D1CD900CEADB5 /* Assets.xcassets in Resources */,
				8AEE5F7D2056278D003DFA75 /* Jogging.storyboard in Resources */,
			);
			runOnlyForDeploymentPostprocessing = 0;
		};
/* End PBXResourcesBuildPhase section */

/* Begin PBXShellScriptBuildPhase section */
		05FE0D94C722F18273189718 /* [CP] Check Pods Manifest.lock */ = {
			isa = PBXShellScriptBuildPhase;
			buildActionMask = 2147483647;
			files = (
			);
			inputPaths = (
				"${PODS_PODFILE_DIR_PATH}/Podfile.lock",
				"${PODS_ROOT}/Manifest.lock",
			);
			name = "[CP] Check Pods Manifest.lock";
			outputPaths = (
				"$(DERIVED_FILE_DIR)/Pods-Jogging-checkManifestLockResult.txt",
			);
			runOnlyForDeploymentPostprocessing = 0;
			shellPath = /bin/sh;
			shellScript = "diff \"${PODS_PODFILE_DIR_PATH}/Podfile.lock\" \"${PODS_ROOT}/Manifest.lock\" > /dev/null\nif [ $? != 0 ] ; then\n    # print error to STDERR\n    echo \"error: The sandbox is not in sync with the Podfile.lock. Run 'pod install' or update your CocoaPods installation.\" >&2\n    exit 1\nfi\n# This output is used by Xcode 'outputs' to avoid re-running this script phase.\necho \"SUCCESS\" > \"${SCRIPT_OUTPUT_FILE_0}\"\n";
			showEnvVarsInLog = 0;
		};
		5FADB057BA8829EA2C9F01CE /* [CP] Copy Pods Resources */ = {
			isa = PBXShellScriptBuildPhase;
			buildActionMask = 2147483647;
			files = (
			);
			inputPaths = (
			);
			name = "[CP] Copy Pods Resources";
			outputPaths = (
			);
			runOnlyForDeploymentPostprocessing = 0;
			shellPath = /bin/sh;
			shellScript = "\"${SRCROOT}/Pods/Target Support Files/Pods-Jogging/Pods-Jogging-resources.sh\"\n";
			showEnvVarsInLog = 0;
		};
		68667DDBC8FB125275FCF117 /* [CP] Embed Pods Frameworks */ = {
			isa = PBXShellScriptBuildPhase;
			buildActionMask = 2147483647;
			files = (
			);
			inputPaths = (
				"${SRCROOT}/Pods/Target Support Files/Pods-Jogging/Pods-Jogging-frameworks.sh",
				"${BUILT_PRODUCTS_DIR}/Alamofire/Alamofire.framework",
				"${BUILT_PRODUCTS_DIR}/GTMSessionFetcher/GTMSessionFetcher.framework",
				"${BUILT_PRODUCTS_DIR}/GoogleToolboxForMac/GoogleToolboxForMac.framework",
				"${BUILT_PRODUCTS_DIR}/SwiftyJSON/SwiftyJSON.framework",
				"${BUILT_PRODUCTS_DIR}/nanopb/nanopb.framework",
			);
			name = "[CP] Embed Pods Frameworks";
			outputPaths = (
				"${TARGET_BUILD_DIR}/${FRAMEWORKS_FOLDER_PATH}/Alamofire.framework",
				"${TARGET_BUILD_DIR}/${FRAMEWORKS_FOLDER_PATH}/GTMSessionFetcher.framework",
				"${TARGET_BUILD_DIR}/${FRAMEWORKS_FOLDER_PATH}/GoogleToolboxForMac.framework",
				"${TARGET_BUILD_DIR}/${FRAMEWORKS_FOLDER_PATH}/SwiftyJSON.framework",
				"${TARGET_BUILD_DIR}/${FRAMEWORKS_FOLDER_PATH}/nanopb.framework",
			);
			runOnlyForDeploymentPostprocessing = 0;
			shellPath = /bin/sh;
			shellScript = "\"${SRCROOT}/Pods/Target Support Files/Pods-Jogging/Pods-Jogging-frameworks.sh\"\n";
			showEnvVarsInLog = 0;
		};
/* End PBXShellScriptBuildPhase section */

/* Begin PBXSourcesBuildPhase section */
		8A35DF0B204D1CD900CEADB5 /* Sources */ = {
			isa = PBXSourcesBuildPhase;
			buildActionMask = 2147483647;
			files = (
				8AEE5F4E204EAC0C003DFA75 /* LoginViewController.swift in Sources */,
				8A108BA9205A572B006F8B31 /* UIViewController+alert.swift in Sources */,
				8A108BB5205B5D43006F8B31 /* APIDeleteUserInfo.swift in Sources */,
				8AEE5F8D2057CA02003DFA75 /* APIDeleteEntry.swift in Sources */,
				8A108BA5205A1E12006F8B31 /* SelectUserViewController.swift in Sources */,
				8AEE5F8720565658003DFA75 /* APIRefreshToken.swift in Sources */,
				8AEE5F6B2053CF3A003DFA75 /* Config.swift in Sources */,
				8A108BB7205B6E7E006F8B31 /* ReportViewController.swift in Sources */,
				8A108BAF205A844B006F8B31 /* AddUserViewController.swift in Sources */,
				8AEE5F6E2053DD9E003DFA75 /* UserData.swift in Sources */,
				8AEE5F5B2053C5C6003DFA75 /* RestAPI.swift in Sources */,
				8A108BA7205A4F4B006F8B31 /* APIUpdateEntry.swift in Sources */,
				8AEE5F8B2057A58D003DFA75 /* Date+format.swift in Sources */,
				8A85B0CF2058EBF100235DC2 /* APIGetUsers.swift in Sources */,
				8AEE5F852056512F003DFA75 /* EntriesViewController.swift in Sources */,
				8A108BAB205A5FE3006F8B31 /* UsersViewController.swift in Sources */,
				8A108BB3205B575D006F8B31 /* APICreateUserInfo.swift in Sources */,
				8AEE5F59204FBAD9003DFA75 /* Log.swift in Sources */,
				8AEE5F5D2053C913003DFA75 /* APILogin.swift in Sources */,
				8AEE5F702054D2FF003DFA75 /* API.swift in Sources */,
				8AEE5F7B2054EC6B003DFA75 /* APIGetUserRole.swift in Sources */,
				8A108BAD205A68AC006F8B31 /* TabBarController.swift in Sources */,
				8A85B0CD2058D2AC00235DC2 /* FilterViewController.swift in Sources */,
				8AEE5F8120564351003DFA75 /* AddEntryViewController.swift in Sources */,
				8A108BB1205A8C8D006F8B31 /* APICreateUser.swift in Sources */,
				8AEE5F8920578ED4003DFA75 /* EntryCell.swift in Sources */,
				8AEE5F7F2056381F003DFA75 /* APIAddEntry.swift in Sources */,
				8A35DF13204D1CD900CEADB5 /* AppDelegate.swift in Sources */,
				8AEE5F8320564E94003DFA75 /* APIGetEntries.swift in Sources */,
			);
			runOnlyForDeploymentPostprocessing = 0;
		};
/* End PBXSourcesBuildPhase section */

/* Begin PBXVariantGroup section */
		8A35DF1E204D1CD900CEADB5 /* LaunchScreen.storyboard */ = {
			isa = PBXVariantGroup;
			children = (
				8A35DF1F204D1CD900CEADB5 /* Base */,
			);
			name = LaunchScreen.storyboard;
			sourceTree = "<group>";
		};
/* End PBXVariantGroup section */

/* Begin XCBuildConfiguration section */
		8A35DF38204D1CD900CEADB5 /* Debug */ = {
			isa = XCBuildConfiguration;
			buildSettings = {
				ALWAYS_SEARCH_USER_PATHS = NO;
				CLANG_ANALYZER_NONNULL = YES;
				CLANG_ANALYZER_NUMBER_OBJECT_CONVERSION = YES_AGGRESSIVE;
				CLANG_CXX_LANGUAGE_STANDARD = "gnu++14";
				CLANG_CXX_LIBRARY = "libc++";
				CLANG_ENABLE_MODULES = YES;
				CLANG_ENABLE_OBJC_ARC = YES;
				CLANG_WARN_BLOCK_CAPTURE_AUTORELEASING = YES;
				CLANG_WARN_BOOL_CONVERSION = YES;
				CLANG_WARN_COMMA = YES;
				CLANG_WARN_CONSTANT_CONVERSION = YES;
				CLANG_WARN_DIRECT_OBJC_ISA_USAGE = YES_ERROR;
				CLANG_WARN_DOCUMENTATION_COMMENTS = YES;
				CLANG_WARN_EMPTY_BODY = YES;
				CLANG_WARN_ENUM_CONVERSION = YES;
				CLANG_WARN_INFINITE_RECURSION = YES;
				CLANG_WARN_INT_CONVERSION = YES;
				CLANG_WARN_NON_LITERAL_NULL_CONVERSION = YES;
				CLANG_WARN_OBJC_LITERAL_CONVERSION = YES;
				CLANG_WARN_OBJC_ROOT_CLASS = YES_ERROR;
				CLANG_WARN_RANGE_LOOP_ANALYSIS = YES;
				CLANG_WARN_STRICT_PROTOTYPES = YES;
				CLANG_WARN_SUSPICIOUS_MOVE = YES;
				CLANG_WARN_UNGUARDED_AVAILABILITY = YES_AGGRESSIVE;
				CLANG_WARN_UNREACHABLE_CODE = YES;
				CLANG_WARN__DUPLICATE_METHOD_MATCH = YES;
				CODE_SIGN_IDENTITY = "iPhone Developer";
				COPY_PHASE_STRIP = NO;
				DEBUG_INFORMATION_FORMAT = dwarf;
				ENABLE_STRICT_OBJC_MSGSEND = YES;
				ENABLE_TESTABILITY = YES;
				GCC_C_LANGUAGE_STANDARD = gnu11;
				GCC_DYNAMIC_NO_PIC = NO;
				GCC_NO_COMMON_BLOCKS = YES;
				GCC_OPTIMIZATION_LEVEL = 0;
				GCC_PREPROCESSOR_DEFINITIONS = (
					"DEBUG=1",
					"$(inherited)",
				);
				GCC_WARN_64_TO_32_BIT_CONVERSION = YES;
				GCC_WARN_ABOUT_RETURN_TYPE = YES_ERROR;
				GCC_WARN_UNDECLARED_SELECTOR = YES;
				GCC_WARN_UNINITIALIZED_AUTOS = YES_AGGRESSIVE;
				GCC_WARN_UNUSED_FUNCTION = YES;
				GCC_WARN_UNUSED_VARIABLE = YES;
				IPHONEOS_DEPLOYMENT_TARGET = 11.2;
				MTL_ENABLE_DEBUG_INFO = YES;
				ONLY_ACTIVE_ARCH = YES;
				SDKROOT = iphoneos;
				SWIFT_ACTIVE_COMPILATION_CONDITIONS = DEBUG;
				SWIFT_OPTIMIZATION_LEVEL = "-Onone";
			};
			name = Debug;
		};
		8A35DF39204D1CD900CEADB5 /* Release */ = {
			isa = XCBuildConfiguration;
			buildSettings = {
				ALWAYS_SEARCH_USER_PATHS = NO;
				CLANG_ANALYZER_NONNULL = YES;
				CLANG_ANALYZER_NUMBER_OBJECT_CONVERSION = YES_AGGRESSIVE;
				CLANG_CXX_LANGUAGE_STANDARD = "gnu++14";
				CLANG_CXX_LIBRARY = "libc++";
				CLANG_ENABLE_MODULES = YES;
				CLANG_ENABLE_OBJC_ARC = YES;
				CLANG_WARN_BLOCK_CAPTURE_AUTORELEASING = YES;
				CLANG_WARN_BOOL_CONVERSION = YES;
				CLANG_WARN_COMMA = YES;
				CLANG_WARN_CONSTANT_CONVERSION = YES;
				CLANG_WARN_DIRECT_OBJC_ISA_USAGE = YES_ERROR;
				CLANG_WARN_DOCUMENTATION_COMMENTS = YES;
				CLANG_WARN_EMPTY_BODY = YES;
				CLANG_WARN_ENUM_CONVERSION = YES;
				CLANG_WARN_INFINITE_RECURSION = YES;
				CLANG_WARN_INT_CONVERSION = YES;
				CLANG_WARN_NON_LITERAL_NULL_CONVERSION = YES;
				CLANG_WARN_OBJC_LITERAL_CONVERSION = YES;
				CLANG_WARN_OBJC_ROOT_CLASS = YES_ERROR;
				CLANG_WARN_RANGE_LOOP_ANALYSIS = YES;
				CLANG_WARN_STRICT_PROTOTYPES = YES;
				CLANG_WARN_SUSPICIOUS_MOVE = YES;
				CLANG_WARN_UNGUARDED_AVAILABILITY = YES_AGGRESSIVE;
				CLANG_WARN_UNREACHABLE_CODE = YES;
				CLANG_WARN__DUPLICATE_METHOD_MATCH = YES;
				CODE_SIGN_IDENTITY = "iPhone Developer";
				COPY_PHASE_STRIP = NO;
				DEBUG_INFORMATION_FORMAT = "dwarf-with-dsym";
				ENABLE_NS_ASSERTIONS = NO;
				ENABLE_STRICT_OBJC_MSGSEND = YES;
				GCC_C_LANGUAGE_STANDARD = gnu11;
				GCC_NO_COMMON_BLOCKS = YES;
				GCC_WARN_64_TO_32_BIT_CONVERSION = YES;
				GCC_WARN_ABOUT_RETURN_TYPE = YES_ERROR;
				GCC_WARN_UNDECLARED_SELECTOR = YES;
				GCC_WARN_UNINITIALIZED_AUTOS = YES_AGGRESSIVE;
				GCC_WARN_UNUSED_FUNCTION = YES;
				GCC_WARN_UNUSED_VARIABLE = YES;
				IPHONEOS_DEPLOYMENT_TARGET = 11.2;
				MTL_ENABLE_DEBUG_INFO = NO;
				SDKROOT = iphoneos;
				SWIFT_OPTIMIZATION_LEVEL = "-Owholemodule";
				VALIDATE_PRODUCT = YES;
			};
			name = Release;
		};
		8A35DF3B204D1CD900CEADB5 /* Debug */ = {
			isa = XCBuildConfiguration;
			baseConfigurationReference = CD14FF1F1B1499244E7CE291 /* Pods-Jogging.debug.xcconfig */;
			buildSettings = {
				ASSETCATALOG_COMPILER_APPICON_NAME = AppIcon;
				CODE_SIGN_STYLE = Automatic;
				DEVELOPMENT_TEAM = HWGAXGUBXV;
				INFOPLIST_FILE = Jogging/Info.plist;
				LD_RUNPATH_SEARCH_PATHS = "$(inherited) @executable_path/Frameworks";
				PRODUCT_BUNDLE_IDENTIFIER = com.aboyko.Jogging;
				PRODUCT_NAME = "$(TARGET_NAME)";
				SWIFT_VERSION = 4.0;
				TARGETED_DEVICE_FAMILY = "1,2";
			};
			name = Debug;
		};
		8A35DF3C204D1CD900CEADB5 /* Release */ = {
			isa = XCBuildConfiguration;
			baseConfigurationReference = 7EE32979321632653BA8D96C /* Pods-Jogging.release.xcconfig */;
			buildSettings = {
				ASSETCATALOG_COMPILER_APPICON_NAME = AppIcon;
				CODE_SIGN_STYLE = Automatic;
				DEVELOPMENT_TEAM = HWGAXGUBXV;
				INFOPLIST_FILE = Jogging/Info.plist;
				LD_RUNPATH_SEARCH_PATHS = "$(inherited) @executable_path/Frameworks";
				PRODUCT_BUNDLE_IDENTIFIER = com.aboyko.Jogging;
				PRODUCT_NAME = "$(TARGET_NAME)";
				SWIFT_VERSION = 4.0;
				TARGETED_DEVICE_FAMILY = "1,2";
			};
			name = Release;
		};
/* End XCBuildConfiguration section */

/* Begin XCConfigurationList section */
		8A35DF0A204D1CD900CEADB5 /* Build configuration list for PBXProject "Jogging" */ = {
			isa = XCConfigurationList;
			buildConfigurations = (
				8A35DF38204D1CD900CEADB5 /* Debug */,
				8A35DF39204D1CD900CEADB5 /* Release */,
			);
			defaultConfigurationIsVisible = 0;
			defaultConfigurationName = Release;
		};
		8A35DF3A204D1CD900CEADB5 /* Build configuration list for PBXNativeTarget "Jogging" */ = {
			isa = XCConfigurationList;
			buildConfigurations = (
				8A35DF3B204D1CD900CEADB5 /* Debug */,
				8A35DF3C204D1CD900CEADB5 /* Release */,
			);
			defaultConfigurationIsVisible = 0;
			defaultConfigurationName = Release;
		};
/* End XCConfigurationList section */
	};
	rootObject = 8A35DF07204D1CD900CEADB5 /* Project object */;
}
